# This file was autogenerated by Stack.
# You should not edit this file by hand.
# For more information, please see the documentation at:
#   https://docs.haskellstack.org/en/stable/lock_files

packages:
- completed:
    hackage: HaXml-1.25.5@sha256:4f8534cda290b3d0a76b4ca5c4b9aa20902dcf029ddd50998d07c5dd608ad6f6,4420
    pantry-tree:
      size: 4076
      sha256: 9682020b148433c41f5efee327b66708875015df8d4b3d48f875ac21f8222e1b
  original:
    hackage: HaXml-1.25.5
snapshots:
- completed:
    size: 524127
    url: https://raw.githubusercontent.com/commercialhaskell/stackage-snapshots/master/lts/14/6.yaml
    sha256: dc70dfb45e2c32f54719819bd055f46855dd4b3bd2e58b9f3f38729a2d553fbb
  original: lts-14.6
